
Microsoft Visual Studio Solution File, Format Version 12.00
# Visual Studio Version 16
VisualStudioVersion = 16.0.31105.61
MinimumVisualStudioVersion = 10.0.40219.1
Project("{FAE04EC0-301F-11D3-BF4B-00C04F79EFBC}") = "BeetleX.Samples.WebFamily.ECharts", "BeetleX.Samples.WebFamily.ECharts.csproj", "{7347BC2F-4EFA-48A3-BEB6-298356E077D2}"
EndProject
Global
	GlobalSection(SolutionConfigurationPlatforms) = preSolution
		Debug|Any CPU = Debug|Any CPU
		Release|Any CPU = Release|Any CPU
	EndGlobalSection
	GlobalSection(ProjectConfigurationPlatforms) = postSolution
		{7347BC2F-4EFA-48A3-BEB6-298356E077D2}.Debug|Any CPU.ActiveCfg = Debug|Any CPU
		{7347BC2F-4EFA-48A3-BEB6-298356E077D2}.Debug|Any CPU.Build.0 = Debug|Any CPU
		{7347BC2F-4EFA-48A3-BEB6-298356E077D2}.Release|Any CPU.ActiveCfg = Release|Any CPU
		{7347BC2F-4EFA-48A3-BEB6-298356E077D2}.Release|Any CPU.Build.0 = Release|Any CPU
	EndGlobalSection
	GlobalSection(SolutionProperties) = preSolution
		HideSolutionNode = FALSE
	EndGlobalSection
	GlobalSection(ExtensibilityGlobals) = postSolution
		SolutionGuid = {77CE5276-7D55-4EC0-B170-862D7E050B43}
	EndGlobalSection
EndGlobal
