
Microsoft Visual Studio Solution File, Format Version 12.00
# Visual Studio Version 16
VisualStudioVersion = 16.0.31829.152
MinimumVisualStudioVersion = 10.0.40219.1
Project("{FAE04EC0-301F-11D3-BF4B-00C04F79EFBC}") = "UnixSocket.Http", "UnixSocket.Http\UnixSocket.Http.csproj", "{24140311-ADEA-434A-A6CB-B9612BCD9BC6}"
EndProject
Global
	GlobalSection(SolutionConfigurationPlatforms) = preSolution
		Debug|Any CPU = Debug|Any CPU
		Release|Any CPU = Release|Any CPU
	EndGlobalSection
	GlobalSection(ProjectConfigurationPlatforms) = postSolution
		{24140311-ADEA-434A-A6CB-B9612BCD9BC6}.Debug|Any CPU.ActiveCfg = Debug|Any CPU
		{24140311-ADEA-434A-A6CB-B9612BCD9BC6}.Debug|Any CPU.Build.0 = Debug|Any CPU
		{24140311-ADEA-434A-A6CB-B9612BCD9BC6}.Release|Any CPU.ActiveCfg = Release|Any CPU
		{24140311-ADEA-434A-A6CB-B9612BCD9BC6}.Release|Any CPU.Build.0 = Release|Any CPU
	EndGlobalSection
	GlobalSection(SolutionProperties) = preSolution
		HideSolutionNode = FALSE
	EndGlobalSection
	GlobalSection(ExtensibilityGlobals) = postSolution
		SolutionGuid = {4FB7831A-9F41-46CD-8408-5AE25F99DC53}
	EndGlobalSection
EndGlobal
