
Microsoft Visual Studio Solution File, Format Version 12.00
# Visual Studio Version 16
VisualStudioVersion = 16.0.30717.126
MinimumVisualStudioVersion = 10.0.40219.1
Project("{9A19103F-16F7-4668-BE54-9A1E7A4F7556}") = "BeetleX.Samples.WebFamily.AdminThemeWPF", "BeetleX.Samples.WebFamily.AdminThemeWPF\BeetleX.Samples.WebFamily.AdminThemeWPF.csproj", "{D1160D74-E6B1-4195-A32D-E3DA21968903}"
EndProject
Project("{9A19103F-16F7-4668-BE54-9A1E7A4F7556}") = "NorthwindEFCoreSqlite", "NorthwindEFCore\NorthwindEFCoreSqlite.csproj", "{AB517255-A1C9-4C04-A6DA-72AB383DC945}"
EndProject
Global
	GlobalSection(SolutionConfigurationPlatforms) = preSolution
		Debug|Any CPU = Debug|Any CPU
		Release|Any CPU = Release|Any CPU
	EndGlobalSection
	GlobalSection(ProjectConfigurationPlatforms) = postSolution
		{D1160D74-E6B1-4195-A32D-E3DA21968903}.Debug|Any CPU.ActiveCfg = Debug|Any CPU
		{D1160D74-E6B1-4195-A32D-E3DA21968903}.Debug|Any CPU.Build.0 = Debug|Any CPU
		{D1160D74-E6B1-4195-A32D-E3DA21968903}.Release|Any CPU.ActiveCfg = Release|Any CPU
		{D1160D74-E6B1-4195-A32D-E3DA21968903}.Release|Any CPU.Build.0 = Release|Any CPU
		{AB517255-A1C9-4C04-A6DA-72AB383DC945}.Debug|Any CPU.ActiveCfg = Debug|Any CPU
		{AB517255-A1C9-4C04-A6DA-72AB383DC945}.Debug|Any CPU.Build.0 = Debug|Any CPU
		{AB517255-A1C9-4C04-A6DA-72AB383DC945}.Release|Any CPU.ActiveCfg = Release|Any CPU
		{AB517255-A1C9-4C04-A6DA-72AB383DC945}.Release|Any CPU.Build.0 = Release|Any CPU
	EndGlobalSection
	GlobalSection(SolutionProperties) = preSolution
		HideSolutionNode = FALSE
	EndGlobalSection
	GlobalSection(ExtensibilityGlobals) = postSolution
		SolutionGuid = {D532BEB0-C10F-4ABB-8845-A72383C3CA23}
	EndGlobalSection
EndGlobal
