
Microsoft Visual Studio Solution File, Format Version 12.00
# Visual Studio 15
VisualStudioVersion = 15.0.28307.705
MinimumVisualStudioVersion = 10.0.40219.1
Project("{FAE04EC0-301F-11D3-BF4B-00C04F79EFBC}") = "EventNext.Actor", "EventNext.Actor\EventNext.Actor.csproj", "{A9E35560-9423-4EEC-BECE-E849BCEB8542}"
EndProject
Global
	GlobalSection(SolutionConfigurationPlatforms) = preSolution
		Debug|Any CPU = Debug|Any CPU
		Release|Any CPU = Release|Any CPU
	EndGlobalSection
	GlobalSection(ProjectConfigurationPlatforms) = postSolution
		{A9E35560-9423-4EEC-BECE-E849BCEB8542}.Debug|Any CPU.ActiveCfg = Debug|Any CPU
		{A9E35560-9423-4EEC-BECE-E849BCEB8542}.Debug|Any CPU.Build.0 = Debug|Any CPU
		{A9E35560-9423-4EEC-BECE-E849BCEB8542}.Release|Any CPU.ActiveCfg = Release|Any CPU
		{A9E35560-9423-4EEC-BECE-E849BCEB8542}.Release|Any CPU.Build.0 = Release|Any CPU
	EndGlobalSection
	GlobalSection(SolutionProperties) = preSolution
		HideSolutionNode = FALSE
	EndGlobalSection
	GlobalSection(ExtensibilityGlobals) = postSolution
		SolutionGuid = {43A6754D-F6A9-4D69-9DC8-26D22E5B0C6C}
	EndGlobalSection
EndGlobal
