
Microsoft Visual Studio Solution File, Format Version 12.00
# Visual Studio Version 16
VisualStudioVersion = 16.0.31105.61
MinimumVisualStudioVersion = 10.0.40219.1
Project("{FAE04EC0-301F-11D3-BF4B-00C04F79EFBC}") = "BeetleX.Samples.WebFamily.FileUpload", "BeetleX.Samples.WebFamily.FileUpload\BeetleX.Samples.WebFamily.FileUpload.csproj", "{4CEA539F-DAA5-4990-8EC9-1603D49ACAAB}"
EndProject
Global
	GlobalSection(SolutionConfigurationPlatforms) = preSolution
		Debug|Any CPU = Debug|Any CPU
		Release|Any CPU = Release|Any CPU
	EndGlobalSection
	GlobalSection(ProjectConfigurationPlatforms) = postSolution
		{4CEA539F-DAA5-4990-8EC9-1603D49ACAAB}.Debug|Any CPU.ActiveCfg = Debug|Any CPU
		{4CEA539F-DAA5-4990-8EC9-1603D49ACAAB}.Debug|Any CPU.Build.0 = Debug|Any CPU
		{4CEA539F-DAA5-4990-8EC9-1603D49ACAAB}.Release|Any CPU.ActiveCfg = Release|Any CPU
		{4CEA539F-DAA5-4990-8EC9-1603D49ACAAB}.Release|Any CPU.Build.0 = Release|Any CPU
	EndGlobalSection
	GlobalSection(SolutionProperties) = preSolution
		HideSolutionNode = FALSE
	EndGlobalSection
	GlobalSection(ExtensibilityGlobals) = postSolution
		SolutionGuid = {D128702C-F275-4B9C-BF6E-FE1A95A9F3C4}
	EndGlobalSection
EndGlobal
