
Microsoft Visual Studio Solution File, Format Version 12.00
# Visual Studio 15
VisualStudioVersion = 15.0.28307.705
MinimumVisualStudioVersion = 10.0.40219.1
Project("{FAE04EC0-301F-11D3-BF4B-00C04F79EFBC}") = "Server", "Server\Server.csproj", "{42DA9115-9D14-4F4C-B846-5E3C504D7DA8}"
EndProject
Project("{FAE04EC0-301F-11D3-BF4B-00C04F79EFBC}") = "Client", "Client\Client.csproj", "{4671D4EB-732D-4DE2-A042-CE54B5E10579}"
EndProject
Global
	GlobalSection(SolutionConfigurationPlatforms) = preSolution
		Debug|Any CPU = Debug|Any CPU
		Release|Any CPU = Release|Any CPU
	EndGlobalSection
	GlobalSection(ProjectConfigurationPlatforms) = postSolution
		{42DA9115-9D14-4F4C-B846-5E3C504D7DA8}.Debug|Any CPU.ActiveCfg = Debug|Any CPU
		{42DA9115-9D14-4F4C-B846-5E3C504D7DA8}.Debug|Any CPU.Build.0 = Debug|Any CPU
		{42DA9115-9D14-4F4C-B846-5E3C504D7DA8}.Release|Any CPU.ActiveCfg = Release|Any CPU
		{42DA9115-9D14-4F4C-B846-5E3C504D7DA8}.Release|Any CPU.Build.0 = Release|Any CPU
		{4671D4EB-732D-4DE2-A042-CE54B5E10579}.Debug|Any CPU.ActiveCfg = Debug|Any CPU
		{4671D4EB-732D-4DE2-A042-CE54B5E10579}.Debug|Any CPU.Build.0 = Debug|Any CPU
		{4671D4EB-732D-4DE2-A042-CE54B5E10579}.Release|Any CPU.ActiveCfg = Release|Any CPU
		{4671D4EB-732D-4DE2-A042-CE54B5E10579}.Release|Any CPU.Build.0 = Release|Any CPU
	EndGlobalSection
	GlobalSection(SolutionProperties) = preSolution
		HideSolutionNode = FALSE
	EndGlobalSection
	GlobalSection(ExtensibilityGlobals) = postSolution
		SolutionGuid = {CC64BEDD-43C0-45FA-A443-8DB8827B29CB}
	EndGlobalSection
EndGlobal
