
Microsoft Visual Studio Solution File, Format Version 12.00
# Visual Studio 15
VisualStudioVersion = 15.0.28307.705
MinimumVisualStudioVersion = 10.0.40219.1
Project("{FAE04EC0-301F-11D3-BF4B-00C04F79EFBC}") = "Server", "Server\Server.csproj", "{750A98AD-7063-46AF-9272-42390A6491C0}"
EndProject
Project("{FAE04EC0-301F-11D3-BF4B-00C04F79EFBC}") = "Client", "Client\Client.csproj", "{4CC52F27-DBF2-4180-8D96-335A0D3E1C09}"
EndProject
Global
	GlobalSection(SolutionConfigurationPlatforms) = preSolution
		Debug|Any CPU = Debug|Any CPU
		Release|Any CPU = Release|Any CPU
	EndGlobalSection
	GlobalSection(ProjectConfigurationPlatforms) = postSolution
		{750A98AD-7063-46AF-9272-42390A6491C0}.Debug|Any CPU.ActiveCfg = Debug|Any CPU
		{750A98AD-7063-46AF-9272-42390A6491C0}.Debug|Any CPU.Build.0 = Debug|Any CPU
		{750A98AD-7063-46AF-9272-42390A6491C0}.Release|Any CPU.ActiveCfg = Release|Any CPU
		{750A98AD-7063-46AF-9272-42390A6491C0}.Release|Any CPU.Build.0 = Release|Any CPU
		{4CC52F27-DBF2-4180-8D96-335A0D3E1C09}.Debug|Any CPU.ActiveCfg = Debug|Any CPU
		{4CC52F27-DBF2-4180-8D96-335A0D3E1C09}.Debug|Any CPU.Build.0 = Debug|Any CPU
		{4CC52F27-DBF2-4180-8D96-335A0D3E1C09}.Release|Any CPU.ActiveCfg = Release|Any CPU
		{4CC52F27-DBF2-4180-8D96-335A0D3E1C09}.Release|Any CPU.Build.0 = Release|Any CPU
	EndGlobalSection
	GlobalSection(SolutionProperties) = preSolution
		HideSolutionNode = FALSE
	EndGlobalSection
	GlobalSection(ExtensibilityGlobals) = postSolution
		SolutionGuid = {9BA915BD-D999-4343-B741-0761F31F3223}
	EndGlobalSection
EndGlobal
