
Microsoft Visual Studio Solution File, Format Version 12.00
# Visual Studio Version 16
VisualStudioVersion = 16.0.31829.152
MinimumVisualStudioVersion = 10.0.40219.1
Project("{FAE04EC0-301F-11D3-BF4B-00C04F79EFBC}") = "BeetleX.Websocket.protobufjs", "BeetleX.Websocket.protobufjs\BeetleX.Websocket.protobufjs.csproj", "{0D7B5CF5-D292-4010-A99F-D771AD147B99}"
EndProject
Global
	GlobalSection(SolutionConfigurationPlatforms) = preSolution
		Debug|Any CPU = Debug|Any CPU
		Release|Any CPU = Release|Any CPU
	EndGlobalSection
	GlobalSection(ProjectConfigurationPlatforms) = postSolution
		{0D7B5CF5-D292-4010-A99F-D771AD147B99}.Debug|Any CPU.ActiveCfg = Debug|Any CPU
		{0D7B5CF5-D292-4010-A99F-D771AD147B99}.Debug|Any CPU.Build.0 = Debug|Any CPU
		{0D7B5CF5-D292-4010-A99F-D771AD147B99}.Release|Any CPU.ActiveCfg = Release|Any CPU
		{0D7B5CF5-D292-4010-A99F-D771AD147B99}.Release|Any CPU.Build.0 = Release|Any CPU
	EndGlobalSection
	GlobalSection(SolutionProperties) = preSolution
		HideSolutionNode = FALSE
	EndGlobalSection
	GlobalSection(ExtensibilityGlobals) = postSolution
		SolutionGuid = {515D32CC-22EA-4CC6-997B-CFB02553F610}
	EndGlobalSection
EndGlobal
