
Microsoft Visual Studio Solution File, Format Version 12.00
# Visual Studio Version 16
VisualStudioVersion = 16.0.30611.23
MinimumVisualStudioVersion = 10.0.40219.1
Project("{FAE04EC0-301F-11D3-BF4B-00C04F79EFBC}") = "BeetleX.Samples.Webapi.Vuebase", "BeetleX.Samples.Webapi.Vuebase\BeetleX.Samples.Webapi.Vuebase.csproj", "{5A8A7632-B87F-47BE-9C51-ECE9705A17B4}"
EndProject
Project("{9A19103F-16F7-4668-BE54-9A1E7A4F7556}") = "NorthwindEFCoreSqlite", "NorthwindEFCore\NorthwindEFCoreSqlite.csproj", "{AFE1AEEF-0866-4E91-83CD-9432240339D0}"
EndProject
Global
	GlobalSection(SolutionConfigurationPlatforms) = preSolution
		Debug|Any CPU = Debug|Any CPU
		Release|Any CPU = Release|Any CPU
	EndGlobalSection
	GlobalSection(ProjectConfigurationPlatforms) = postSolution
		{5A8A7632-B87F-47BE-9C51-ECE9705A17B4}.Debug|Any CPU.ActiveCfg = Debug|Any CPU
		{5A8A7632-B87F-47BE-9C51-ECE9705A17B4}.Debug|Any CPU.Build.0 = Debug|Any CPU
		{5A8A7632-B87F-47BE-9C51-ECE9705A17B4}.Release|Any CPU.ActiveCfg = Release|Any CPU
		{5A8A7632-B87F-47BE-9C51-ECE9705A17B4}.Release|Any CPU.Build.0 = Release|Any CPU
		{AFE1AEEF-0866-4E91-83CD-9432240339D0}.Debug|Any CPU.ActiveCfg = Debug|Any CPU
		{AFE1AEEF-0866-4E91-83CD-9432240339D0}.Debug|Any CPU.Build.0 = Debug|Any CPU
		{AFE1AEEF-0866-4E91-83CD-9432240339D0}.Release|Any CPU.ActiveCfg = Release|Any CPU
		{AFE1AEEF-0866-4E91-83CD-9432240339D0}.Release|Any CPU.Build.0 = Release|Any CPU
	EndGlobalSection
	GlobalSection(SolutionProperties) = preSolution
		HideSolutionNode = FALSE
	EndGlobalSection
	GlobalSection(ExtensibilityGlobals) = postSolution
		SolutionGuid = {C2B31916-033A-4E19-ACE2-59FC83A956AF}
	EndGlobalSection
EndGlobal
