
Microsoft Visual Studio Solution File, Format Version 12.00
# Visual Studio Version 16
VisualStudioVersion = 16.0.31829.152
MinimumVisualStudioVersion = 10.0.40219.1
Project("{FAE04EC0-301F-11D3-BF4B-00C04F79EFBC}") = "Websocket.ProtobufPacket", "Websocket.ProtobufPacket\Websocket.ProtobufPacket.csproj", "{AEFCC18C-FB42-4B78-A3C7-4F15F6B3EE71}"
EndProject
Project("{FAE04EC0-301F-11D3-BF4B-00C04F79EFBC}") = "Websocket.ProtobufPacket.Client", "Websocket.ProtobufPacket.Client\Websocket.ProtobufPacket.Client.csproj", "{A0FD2631-1848-4227-A27B-76A0A002B9EC}"
EndProject
Global
	GlobalSection(SolutionConfigurationPlatforms) = preSolution
		Debug|Any CPU = Debug|Any CPU
		Release|Any CPU = Release|Any CPU
	EndGlobalSection
	GlobalSection(ProjectConfigurationPlatforms) = postSolution
		{AEFCC18C-FB42-4B78-A3C7-4F15F6B3EE71}.Debug|Any CPU.ActiveCfg = Debug|Any CPU
		{AEFCC18C-FB42-4B78-A3C7-4F15F6B3EE71}.Debug|Any CPU.Build.0 = Debug|Any CPU
		{AEFCC18C-FB42-4B78-A3C7-4F15F6B3EE71}.Release|Any CPU.ActiveCfg = Release|Any CPU
		{AEFCC18C-FB42-4B78-A3C7-4F15F6B3EE71}.Release|Any CPU.Build.0 = Release|Any CPU
		{A0FD2631-1848-4227-A27B-76A0A002B9EC}.Debug|Any CPU.ActiveCfg = Debug|Any CPU
		{A0FD2631-1848-4227-A27B-76A0A002B9EC}.Debug|Any CPU.Build.0 = Debug|Any CPU
		{A0FD2631-1848-4227-A27B-76A0A002B9EC}.Release|Any CPU.ActiveCfg = Release|Any CPU
		{A0FD2631-1848-4227-A27B-76A0A002B9EC}.Release|Any CPU.Build.0 = Release|Any CPU
	EndGlobalSection
	GlobalSection(SolutionProperties) = preSolution
		HideSolutionNode = FALSE
	EndGlobalSection
	GlobalSection(ExtensibilityGlobals) = postSolution
		SolutionGuid = {D68AE996-C27B-42B2-B43A-5ACB47BD2BE1}
	EndGlobalSection
EndGlobal
