
Microsoft Visual Studio Solution File, Format Version 12.00
# Visual Studio Version 16
VisualStudioVersion = 16.0.30804.86
MinimumVisualStudioVersion = 10.0.40219.1
Project("{FAE04EC0-301F-11D3-BF4B-00C04F79EFBC}") = "ServerApp", "ServerApp\ServerApp.csproj", "{F7BC7EF9-E9D1-465C-B20C-CD43DCCCB254}"
EndProject
Project("{FAE04EC0-301F-11D3-BF4B-00C04F79EFBC}") = "XamarinApp.Android", "XamarinApp\XamarinApp.Android\XamarinApp.Android.csproj", "{2AB3E426-209D-4516-8588-844BD3BB98E7}"
EndProject
Project("{FAE04EC0-301F-11D3-BF4B-00C04F79EFBC}") = "XamarinApp", "XamarinApp\XamarinApp\XamarinApp.csproj", "{51E43D08-5967-4D4E-BC3C-D763B8ACC2CF}"
EndProject
Global
	GlobalSection(SolutionConfigurationPlatforms) = preSolution
		Debug|Any CPU = Debug|Any CPU
		Release|Any CPU = Release|Any CPU
	EndGlobalSection
	GlobalSection(ProjectConfigurationPlatforms) = postSolution
		{F7BC7EF9-E9D1-465C-B20C-CD43DCCCB254}.Debug|Any CPU.ActiveCfg = Debug|Any CPU
		{F7BC7EF9-E9D1-465C-B20C-CD43DCCCB254}.Debug|Any CPU.Build.0 = Debug|Any CPU
		{F7BC7EF9-E9D1-465C-B20C-CD43DCCCB254}.Release|Any CPU.ActiveCfg = Release|Any CPU
		{F7BC7EF9-E9D1-465C-B20C-CD43DCCCB254}.Release|Any CPU.Build.0 = Release|Any CPU
		{2AB3E426-209D-4516-8588-844BD3BB98E7}.Debug|Any CPU.ActiveCfg = Debug|Any CPU
		{2AB3E426-209D-4516-8588-844BD3BB98E7}.Debug|Any CPU.Build.0 = Debug|Any CPU
		{2AB3E426-209D-4516-8588-844BD3BB98E7}.Debug|Any CPU.Deploy.0 = Debug|Any CPU
		{2AB3E426-209D-4516-8588-844BD3BB98E7}.Release|Any CPU.ActiveCfg = Release|Any CPU
		{2AB3E426-209D-4516-8588-844BD3BB98E7}.Release|Any CPU.Build.0 = Release|Any CPU
		{2AB3E426-209D-4516-8588-844BD3BB98E7}.Release|Any CPU.Deploy.0 = Release|Any CPU
		{51E43D08-5967-4D4E-BC3C-D763B8ACC2CF}.Debug|Any CPU.ActiveCfg = Debug|Any CPU
		{51E43D08-5967-4D4E-BC3C-D763B8ACC2CF}.Debug|Any CPU.Build.0 = Debug|Any CPU
		{51E43D08-5967-4D4E-BC3C-D763B8ACC2CF}.Release|Any CPU.ActiveCfg = Release|Any CPU
		{51E43D08-5967-4D4E-BC3C-D763B8ACC2CF}.Release|Any CPU.Build.0 = Release|Any CPU
	EndGlobalSection
	GlobalSection(SolutionProperties) = preSolution
		HideSolutionNode = FALSE
	EndGlobalSection
	GlobalSection(ExtensibilityGlobals) = postSolution
		SolutionGuid = {538E9496-821E-494B-BFE9-ADE6404CCABC}
	EndGlobalSection
EndGlobal
