
Microsoft Visual Studio Solution File, Format Version 12.00
# Visual Studio Version 16
VisualStudioVersion = 16.0.29613.14
MinimumVisualStudioVersion = 10.0.40219.1
Project("{FAE04EC0-301F-11D3-BF4B-00C04F79EFBC}") = "Websocket.Client", "Websocket.Client\Websocket.Client.csproj", "{80FF366B-467B-4993-BD57-77D11DF895CD}"
EndProject
Global
	GlobalSection(SolutionConfigurationPlatforms) = preSolution
		Debug|Any CPU = Debug|Any CPU
		Release|Any CPU = Release|Any CPU
	EndGlobalSection
	GlobalSection(ProjectConfigurationPlatforms) = postSolution
		{80FF366B-467B-4993-BD57-77D11DF895CD}.Debug|Any CPU.ActiveCfg = Debug|Any CPU
		{80FF366B-467B-4993-BD57-77D11DF895CD}.Debug|Any CPU.Build.0 = Debug|Any CPU
		{80FF366B-467B-4993-BD57-77D11DF895CD}.Release|Any CPU.ActiveCfg = Release|Any CPU
		{80FF366B-467B-4993-BD57-77D11DF895CD}.Release|Any CPU.Build.0 = Release|Any CPU
	EndGlobalSection
	GlobalSection(SolutionProperties) = preSolution
		HideSolutionNode = FALSE
	EndGlobalSection
	GlobalSection(ExtensibilityGlobals) = postSolution
		SolutionGuid = {2F21B045-2937-4F3A-8417-359961A44C35}
	EndGlobalSection
EndGlobal
