
Microsoft Visual Studio Solution File, Format Version 12.00
# Visual Studio Version 16
VisualStudioVersion = 16.0.31829.152
MinimumVisualStudioVersion = 10.0.40219.1
Project("{FAE04EC0-301F-11D3-BF4B-00C04F79EFBC}") = "BeetleX.WebFamily.Base", "BeetleX.WebFamily.Base\BeetleX.WebFamily.Base.csproj", "{BD5565B5-D04F-4B92-95A0-B50A75C80A4B}"
EndProject
Project("{9A19103F-16F7-4668-BE54-9A1E7A4F7556}") = "NorthwindEFCoreSqlite", "NorthwindEFCore\NorthwindEFCoreSqlite.csproj", "{0A1D16A6-ECDC-4AB1-99BD-FFE37A6F80C5}"
EndProject
Global
	GlobalSection(SolutionConfigurationPlatforms) = preSolution
		Debug|Any CPU = Debug|Any CPU
		Release|Any CPU = Release|Any CPU
	EndGlobalSection
	GlobalSection(ProjectConfigurationPlatforms) = postSolution
		{BD5565B5-D04F-4B92-95A0-B50A75C80A4B}.Debug|Any CPU.ActiveCfg = Debug|Any CPU
		{BD5565B5-D04F-4B92-95A0-B50A75C80A4B}.Debug|Any CPU.Build.0 = Debug|Any CPU
		{BD5565B5-D04F-4B92-95A0-B50A75C80A4B}.Release|Any CPU.ActiveCfg = Release|Any CPU
		{BD5565B5-D04F-4B92-95A0-B50A75C80A4B}.Release|Any CPU.Build.0 = Release|Any CPU
		{0A1D16A6-ECDC-4AB1-99BD-FFE37A6F80C5}.Debug|Any CPU.ActiveCfg = Debug|Any CPU
		{0A1D16A6-ECDC-4AB1-99BD-FFE37A6F80C5}.Debug|Any CPU.Build.0 = Debug|Any CPU
		{0A1D16A6-ECDC-4AB1-99BD-FFE37A6F80C5}.Release|Any CPU.ActiveCfg = Release|Any CPU
		{0A1D16A6-ECDC-4AB1-99BD-FFE37A6F80C5}.Release|Any CPU.Build.0 = Release|Any CPU
	EndGlobalSection
	GlobalSection(SolutionProperties) = preSolution
		HideSolutionNode = FALSE
	EndGlobalSection
	GlobalSection(ExtensibilityGlobals) = postSolution
		SolutionGuid = {16D98415-1954-495D-A50D-B1067859FFC1}
	EndGlobalSection
EndGlobal
