
Microsoft Visual Studio Solution File, Format Version 12.00
# Visual Studio Version 16
VisualStudioVersion = 16.0.31829.152
MinimumVisualStudioVersion = 10.0.40219.1
Project("{FAE04EC0-301F-11D3-BF4B-00C04F79EFBC}") = "BeetleX.CodeBenchmark.Sample", "BeetleX.CodeBenchmark.Sample\BeetleX.CodeBenchmark.Sample.csproj", "{5E99D312-693F-498F-9940-597414C53CC5}"
EndProject
Global
	GlobalSection(SolutionConfigurationPlatforms) = preSolution
		Debug|Any CPU = Debug|Any CPU
		Release|Any CPU = Release|Any CPU
	EndGlobalSection
	GlobalSection(ProjectConfigurationPlatforms) = postSolution
		{5E99D312-693F-498F-9940-597414C53CC5}.Debug|Any CPU.ActiveCfg = Debug|Any CPU
		{5E99D312-693F-498F-9940-597414C53CC5}.Debug|Any CPU.Build.0 = Debug|Any CPU
		{5E99D312-693F-498F-9940-597414C53CC5}.Release|Any CPU.ActiveCfg = Release|Any CPU
		{5E99D312-693F-498F-9940-597414C53CC5}.Release|Any CPU.Build.0 = Release|Any CPU
	EndGlobalSection
	GlobalSection(SolutionProperties) = preSolution
		HideSolutionNode = FALSE
	EndGlobalSection
	GlobalSection(ExtensibilityGlobals) = postSolution
		SolutionGuid = {70C4BD75-4E35-4715-B82B-05F2562B200A}
	EndGlobalSection
EndGlobal
