
Microsoft Visual Studio Solution File, Format Version 12.00
# Visual Studio 15
VisualStudioVersion = 15.0.28307.705
MinimumVisualStudioVersion = 10.0.40219.1
Project("{FAE04EC0-301F-11D3-BF4B-00C04F79EFBC}") = "EventNext.Hello", "EventNext.Hello\EventNext.Hello.csproj", "{3174A87C-000D-4B69-8DCF-9952D3989D9B}"
EndProject
Global
	GlobalSection(SolutionConfigurationPlatforms) = preSolution
		Debug|Any CPU = Debug|Any CPU
		Release|Any CPU = Release|Any CPU
	EndGlobalSection
	GlobalSection(ProjectConfigurationPlatforms) = postSolution
		{3174A87C-000D-4B69-8DCF-9952D3989D9B}.Debug|Any CPU.ActiveCfg = Debug|Any CPU
		{3174A87C-000D-4B69-8DCF-9952D3989D9B}.Debug|Any CPU.Build.0 = Debug|Any CPU
		{3174A87C-000D-4B69-8DCF-9952D3989D9B}.Release|Any CPU.ActiveCfg = Release|Any CPU
		{3174A87C-000D-4B69-8DCF-9952D3989D9B}.Release|Any CPU.Build.0 = Release|Any CPU
	EndGlobalSection
	GlobalSection(SolutionProperties) = preSolution
		HideSolutionNode = FALSE
	EndGlobalSection
	GlobalSection(ExtensibilityGlobals) = postSolution
		SolutionGuid = {156FD1F9-9A2D-41BF-8AE3-D3F5853CA1E1}
	EndGlobalSection
EndGlobal
